
Microsoft Visual Studio Solution File, Format Version 12.00
# Visual Studio Version 17
VisualStudioVersion = 17.14.37027.9 d17.14
MinimumVisualStudioVersion = 10.0.40219.1
Project("{FAE04EC0-301F-11D3-BF4B-00C04F79EFBC}") = "SharpEdit", "SharpEdit.csproj", "{E6103FD6-5F8B-4322-A3BA-B0BB9F18F6CA}"
EndProject
Global
	GlobalSection(SolutionConfigurationPlatforms) = preSolution
		Debug|Any CPU = Debug|Any CPU
		Release|Any CPU = Release|Any CPU
	EndGlobalSection
	GlobalSection(ProjectConfigurationPlatforms) = postSolution
		{E6103FD6-5F8B-4322-A3BA-B0BB9F18F6CA}.Debug|Any CPU.ActiveCfg = Debug|Any CPU
		{E6103FD6-5F8B-4322-A3BA-B0BB9F18F6CA}.Debug|Any CPU.Build.0 = Debug|Any CPU
		{E6103FD6-5F8B-4322-A3BA-B0BB9F18F6CA}.Release|Any CPU.ActiveCfg = Release|Any CPU
		{E6103FD6-5F8B-4322-A3BA-B0BB9F18F6CA}.Release|Any CPU.Build.0 = Release|Any CPU
	EndGlobalSection
	GlobalSection(SolutionProperties) = preSolution
		HideSolutionNode = FALSE
	EndGlobalSection
	GlobalSection(ExtensibilityGlobals) = postSolution
		SolutionGuid = {D0D20DA5-4324-4865-BE08-803D06A5A78F}
	EndGlobalSection
EndGlobal
